
Microsoft Visual Studio Solution File, Format Version 12.00
# Visual Studio Version 17
VisualStudioVersion = 17.9.34616.47
MinimumVisualStudioVersion = 10.0.40219.1
Project("{FAE04EC0-301F-11D3-BF4B-00C04F79EFBC}") = "Prototipo - Vortex", "Prototipo - Vortex\Prototipo - Vortex.csproj", "{713DA8DE-3E1D-4026-8907-FA97ED043899}"
EndProject
Global
	GlobalSection(SolutionConfigurationPlatforms) = preSolution
		Debug|Any CPU = Debug|Any CPU
		Release|Any CPU = Release|Any CPU
	EndGlobalSection
	GlobalSection(ProjectConfigurationPlatforms) = postSolution
		{713DA8DE-3E1D-4026-8907-FA97ED043899}.Debug|Any CPU.ActiveCfg = Debug|Any CPU
		{713DA8DE-3E1D-4026-8907-FA97ED043899}.Debug|Any CPU.Build.0 = Debug|Any CPU
		{713DA8DE-3E1D-4026-8907-FA97ED043899}.Release|Any CPU.ActiveCfg = Release|Any CPU
		{713DA8DE-3E1D-4026-8907-FA97ED043899}.Release|Any CPU.Build.0 = Release|Any CPU
	EndGlobalSection
	GlobalSection(SolutionProperties) = preSolution
		HideSolutionNode = FALSE
	EndGlobalSection
	GlobalSection(ExtensibilityGlobals) = postSolution
		SolutionGuid = {DF247B85-5FE6-4EA8-A928-31715C1D8433}
	EndGlobalSection
EndGlobal
